
Microsoft Visual Studio Solution File, Format Version 12.00
# Visual Studio Version 17
VisualStudioVersion = 17.11.35303.130
MinimumVisualStudioVersion = 10.0.40219.1
Project("{FAE04EC0-301F-11D3-BF4B-00C04F79EFBC}") = "ExchangeSample", "ExchangeSample\ExchangeSample.csproj", "{12C116C7-7179-49FB-8E7C-227CD1368A16}"
EndProject
Global
	GlobalSection(SolutionConfigurationPlatforms) = preSolution
		Debug|Any CPU = Debug|Any CPU
		Release|Any CPU = Release|Any CPU
	EndGlobalSection
	GlobalSection(ProjectConfigurationPlatforms) = postSolution
		{12C116C7-7179-49FB-8E7C-227CD1368A16}.Debug|Any CPU.ActiveCfg = Debug|Any CPU
		{12C116C7-7179-49FB-8E7C-227CD1368A16}.Debug|Any CPU.Build.0 = Debug|Any CPU
		{12C116C7-7179-49FB-8E7C-227CD1368A16}.Release|Any CPU.ActiveCfg = Release|Any CPU
		{12C116C7-7179-49FB-8E7C-227CD1368A16}.Release|Any CPU.Build.0 = Release|Any CPU
	EndGlobalSection
	GlobalSection(SolutionProperties) = preSolution
		HideSolutionNode = FALSE
	EndGlobalSection
	GlobalSection(ExtensibilityGlobals) = postSolution
		SolutionGuid = {A4C8E03B-42B2-439C-BB23-ABBF46841640}
	EndGlobalSection
EndGlobal
